
Microsoft Visual Studio Solution File, Format Version 12.00
# Visual Studio Version 17
VisualStudioVersion = 17.5.33627.172
MinimumVisualStudioVersion = 10.0.40219.1
Project("{FAE04EC0-301F-11D3-BF4B-00C04F79EFBC}") = "ExercicioCSharpEncapsulamento", "ExercicioCSharpEncapsulamento\ExercicioCSharpEncapsulamento.csproj", "{044D8E96-49E4-42C6-A3DA-2EB8860FBD81}"
EndProject
Global
	GlobalSection(SolutionConfigurationPlatforms) = preSolution
		Debug|Any CPU = Debug|Any CPU
		Release|Any CPU = Release|Any CPU
	EndGlobalSection
	GlobalSection(ProjectConfigurationPlatforms) = postSolution
		{044D8E96-49E4-42C6-A3DA-2EB8860FBD81}.Debug|Any CPU.ActiveCfg = Debug|Any CPU
		{044D8E96-49E4-42C6-A3DA-2EB8860FBD81}.Debug|Any CPU.Build.0 = Debug|Any CPU
		{044D8E96-49E4-42C6-A3DA-2EB8860FBD81}.Release|Any CPU.ActiveCfg = Release|Any CPU
		{044D8E96-49E4-42C6-A3DA-2EB8860FBD81}.Release|Any CPU.Build.0 = Release|Any CPU
	EndGlobalSection
	GlobalSection(SolutionProperties) = preSolution
		HideSolutionNode = FALSE
	EndGlobalSection
	GlobalSection(ExtensibilityGlobals) = postSolution
		SolutionGuid = {C0BEF0EC-1593-4361-95D1-38835EA5E5E9}
	EndGlobalSection
EndGlobal
